
Microsoft Visual Studio Solution File, Format Version 12.00
# Visual Studio Version 17
VisualStudioVersion = 17.5.002.0
MinimumVisualStudioVersion = 10.0.40219.1
Project("{9A19103F-16F7-4668-BE54-9A1E7A4F7556}") = "Projeto Web-Lh Pets versão 1", "Projeto Web-Lh Pets versão 1.csproj", "{5DA0AEC4-479F-4952-A764-8BFB68D6D9E9}"
EndProject
Global
	GlobalSection(SolutionConfigurationPlatforms) = preSolution
		Debug|Any CPU = Debug|Any CPU
		Release|Any CPU = Release|Any CPU
	EndGlobalSection
	GlobalSection(ProjectConfigurationPlatforms) = postSolution
		{5DA0AEC4-479F-4952-A764-8BFB68D6D9E9}.Debug|Any CPU.ActiveCfg = Debug|Any CPU
		{5DA0AEC4-479F-4952-A764-8BFB68D6D9E9}.Debug|Any CPU.Build.0 = Debug|Any CPU
		{5DA0AEC4-479F-4952-A764-8BFB68D6D9E9}.Release|Any CPU.ActiveCfg = Release|Any CPU
		{5DA0AEC4-479F-4952-A764-8BFB68D6D9E9}.Release|Any CPU.Build.0 = Release|Any CPU
	EndGlobalSection
	GlobalSection(SolutionProperties) = preSolution
		HideSolutionNode = FALSE
	EndGlobalSection
	GlobalSection(ExtensibilityGlobals) = postSolution
		SolutionGuid = {986EB32C-7AC4-427C-8D2E-7123D77D12E0}
	EndGlobalSection
EndGlobal
